# THIS IS AN AUTOGENERATED FILE. DO NOT EDIT THIS FILE DIRECTLY.
# yarn lockfile v1


ansi-escape-sequences@^3.0.0:
  version "3.0.0"
  resolved "https://registry.yarnpkg.com/ansi-escape-sequences/-/ansi-escape-sequences-3.0.0.tgz#1c18394b6af9b76ff9a63509fa497669fd2ce53e"
  dependencies:
    array-back "^1.0.3"

array-back@^1.0.3, array-back@^1.0.4:
  version "1.0.4"
  resolved "https://registry.yarnpkg.com/array-back/-/array-back-1.0.4.tgz#644ba7f095f7ffcf7c43b5f0dc39d3c1f03c063b"
  dependencies:
    typical "^2.6.0"

command-line-args@^4.0.6:
  version "4.0.6"
  resolved "https://registry.yarnpkg.com/command-line-args/-/command-line-args-4.0.6.tgz#0ff87a1dd159890dcaeb2a005abdae71e55059fc"
  dependencies:
    array-back "^1.0.4"
    find-replace "^1.0.3"
    typical "^2.6.1"

command-line-usage@^4.0.0:
  version "4.0.0"
  resolved "https://registry.yarnpkg.com/command-line-usage/-/command-line-usage-4.0.0.tgz#816b32788b58f9feba44d1e6dac60fcaeb29b5ea"
  dependencies:
    ansi-escape-sequences "^3.0.0"
    array-back "^1.0.4"
    table-layout "^0.4.0"
    typical "^2.6.0"

core-js@~2.3.0:
  version "2.3.0"
  resolved "https://artifactory.workday.com/artifactory/api/npm/npm-virtual/core-js/-/core-js-2.3.0.tgz#fab83fbb0b2d8dc85fa636c4b9d34c75420c6d65"

core-util-is@~1.0.0:
  version "1.0.2"
  resolved "https://artifactory.workday.com/artifactory/api/npm/npm-virtual/core-util-is/-/core-util-is-1.0.2.tgz#b5fd54220aa2bc5ab57aab7140c940754503c1a7"

deep-extend@~0.4.1:
  version "0.4.2"
  resolved "https://registry.yarnpkg.com/deep-extend/-/deep-extend-0.4.2.tgz#48b699c27e334bf89f10892be432f6e4c7d34a7f"

es6-promise@~3.0.2:
  version "3.0.2"
  resolved "https://artifactory.workday.com/artifactory/api/npm/npm-virtual/es6-promise/-/es6-promise-3.0.2.tgz#010d5858423a5f118979665f46486a95c6ee2bb6"

feature-detect-es6@^1.3.1:
  version "1.3.1"
  resolved "https://registry.yarnpkg.com/feature-detect-es6/-/feature-detect-es6-1.3.1.tgz#f888736af9cb0c91f55663bfa4762eb96ee7047f"
  dependencies:
    array-back "^1.0.3"

find-replace@^1.0.3:
  version "1.0.3"
  resolved "https://registry.yarnpkg.com/find-replace/-/find-replace-1.0.3.tgz#b88e7364d2d9c959559f388c66670d6130441fa0"
  dependencies:
    array-back "^1.0.4"
    test-value "^2.1.0"

folktale@^2.0.0-alpha3:
  version "2.0.0-alpha3"
  resolved "https://registry.yarnpkg.com/folktale/-/folktale-2.0.0-alpha3.tgz#45f51feb486f00aa3d1d6f0f51eb45406c344899"

fs@0.0.1-security:
  version "0.0.1-security"
  resolved "https://artifactory.workday.com/artifactory/api/npm/npm-virtual/fs/-/fs-0.0.1-security.tgz#8a7bd37186b6dddf3813f23858b57ecaaf5e41d4"

immediate@~3.0.5:
  version "3.0.6"
  resolved "https://artifactory.workday.com/artifactory/api/npm/npm-virtual/immediate/-/immediate-3.0.6.tgz#9db1dbd0faf8de6fbe0f5dd5e56bb606280de69b"

immutable-ext@^1.0.8:
  version "1.1.0"
  resolved "https://artifactory.workday.com/artifactory/api/npm/npm-virtual/immutable-ext/-/immutable-ext-1.1.0.tgz#ea5a785c9d110aa110db0266a240d87305fa860d"

immutable@^3.8.1:
  version "3.8.1"
  resolved "https://artifactory.workday.com/artifactory/api/npm/npm-virtual/immutable/-/immutable-3.8.1.tgz#200807f11ab0f72710ea485542de088075f68cd2"

inherits@~2.0.1:
  version "2.0.3"
  resolved "https://artifactory.workday.com/artifactory/api/npm/npm-virtual/inherits/-/inherits-2.0.3.tgz#633c2c83e3da42a502f52466022480f4208261de"

isarray@~1.0.0:
  version "1.0.0"
  resolved "https://artifactory.workday.com/artifactory/api/npm/npm-virtual/isarray/-/isarray-1.0.0.tgz#bb935d48582cba168c06834957a54a3e07124f11"

jszip@^3.1.3:
  version "3.1.3"
  resolved "https://artifactory.workday.com/artifactory/api/npm/npm-virtual/jszip/-/jszip-3.1.3.tgz#8a920403b2b1651c0fc126be90192d9080957c37"
  dependencies:
    core-js "~2.3.0"
    es6-promise "~3.0.2"
    lie "~3.1.0"
    pako "~1.0.2"
    readable-stream "~2.0.6"

lie@~3.1.0:
  version "3.1.1"
  resolved "https://artifactory.workday.com/artifactory/api/npm/npm-virtual/lie/-/lie-3.1.1.tgz#9a436b2cc7746ca59de7a41fa469b3efb76bd87e"
  dependencies:
    immediate "~3.0.5"

lodash.padend@^4.6.1:
  version "4.6.1"
  resolved "https://registry.yarnpkg.com/lodash.padend/-/lodash.padend-4.6.1.tgz#53ccba047d06e158d311f45da625f4e49e6f166e"

pako@~1.0.2:
  version "1.0.5"
  resolved "https://artifactory.workday.com/artifactory/api/npm/npm-virtual/pako/-/pako-1.0.5.tgz#d2205dfe5b9da8af797e7c163db4d1f84e4600bc"

process-nextick-args@~1.0.6:
  version "1.0.7"
  resolved "https://artifactory.workday.com/artifactory/api/npm/npm-virtual/process-nextick-args/-/process-nextick-args-1.0.7.tgz#150e20b756590ad3f91093f25a4f2ad8bff30ba3"

readable-stream@~2.0.6:
  version "2.0.6"
  resolved "https://artifactory.workday.com/artifactory/api/npm/npm-virtual/readable-stream/-/readable-stream-2.0.6.tgz#8f90341e68a53ccc928788dacfcd11b36eb9b78e"
  dependencies:
    core-util-is "~1.0.0"
    inherits "~2.0.1"
    isarray "~1.0.0"
    process-nextick-args "~1.0.6"
    string_decoder "~0.10.x"
    util-deprecate "~1.0.1"

reduce-flatten@^1.0.1:
  version "1.0.1"
  resolved "https://registry.yarnpkg.com/reduce-flatten/-/reduce-flatten-1.0.1.tgz#258c78efd153ddf93cb561237f61184f3696e327"

sketch2json@^0.1.0:
  version "0.1.0"
  resolved "https://artifactory.workday.com/artifactory/api/npm/npm-virtual/sketch2json/-/sketch2json-0.1.0.tgz#783964aa3a05dc14d1d71ff8819860e3807a25b9"
  dependencies:
    folktale "^2.0.0-alpha3"
    immutable "^3.8.1"
    immutable-ext "^1.0.8"
    jszip "^3.1.3"

string_decoder@~0.10.x:
  version "0.10.31"
  resolved "https://artifactory.workday.com/artifactory/api/npm/npm-virtual/string_decoder/-/string_decoder-0.10.31.tgz#62e203bc41766c6c28c9fc84301dab1c5310fa94"

table-layout@^0.4.0:
  version "0.4.0"
  resolved "https://registry.yarnpkg.com/table-layout/-/table-layout-0.4.0.tgz#c70ff0455d9add63b91f7c15a77926295c0e0e7d"
  dependencies:
    array-back "^1.0.4"
    deep-extend "~0.4.1"
    lodash.padend "^4.6.1"
    typical "^2.6.0"
    wordwrapjs "^2.0.0"

test-value@^2.1.0:
  version "2.1.0"
  resolved "https://registry.yarnpkg.com/test-value/-/test-value-2.1.0.tgz#11da6ff670f3471a73b625ca4f3fdcf7bb748291"
  dependencies:
    array-back "^1.0.3"
    typical "^2.6.0"

typical@^2.6.0, typical@^2.6.1:
  version "2.6.1"
  resolved "https://registry.yarnpkg.com/typical/-/typical-2.6.1.tgz#5c080e5d661cbbe38259d2e70a3c7253e873881d"

util-deprecate@~1.0.1:
  version "1.0.2"
  resolved "https://artifactory.workday.com/artifactory/api/npm/npm-virtual/util-deprecate/-/util-deprecate-1.0.2.tgz#450d4dc9fa70de732762fbd2d4a28981419a0ccf"

wordwrapjs@^2.0.0:
  version "2.0.0"
  resolved "https://registry.yarnpkg.com/wordwrapjs/-/wordwrapjs-2.0.0.tgz#ab55f695e6118da93858fdd70c053d1c5e01ac20"
  dependencies:
    array-back "^1.0.3"
    feature-detect-es6 "^1.3.1"
    reduce-flatten "^1.0.1"
    typical "^2.6.0"
